# This file is autogenerated, do not edit; changes may be undone by the next 'dep ensure'.


[[projects]]
  digest = "1:b16fbfbcc20645cb419f78325bb2e85ec729b338e996a228124d68931a6f2a37"
  name = "github.com/BurntSushi/toml"
  packages = ["."]
  pruneopts = "UT"
  revision = "b26d9c308763d68093482582cea63d69be07a0f0"
  version = "v0.3.0"

[[projects]]
  digest = "1:5d3e23515e7916c152cc665eda0f7eaf6fdf8fdfe7c3dbac97049bcbd649b33f"
  name = "github.com/Knetic/govaluate"
  packages = ["."]
  pruneopts = "UT"
  revision = "d216395917cc49052c7c7094cf57f09657ca08a8"
  version = "v3.0.0"

[[projects]]
  digest = "1:55388fd080150b9a072912f97b1f5891eb0b50df43401f8b75fb4273d3fec9fc"
  name = "github.com/Masterminds/semver"
  packages = ["."]
  pruneopts = "UT"
  revision = "c7af12943936e8c39859482e61f0574c2fd7fc75"
  version = "v1.4.2"

[[projects]]
  digest = "1:9e9193aa51197513b3abcb108970d831fbcf40ef96aa845c4f03276e1fa316d2"
  name = "github.com/Sirupsen/logrus"
  packages = ["."]
  pruneopts = "UT"
  revision = "c155da19408a8799da419ed3eeb0cb5db0ad5dbc"
  version = "v1.0.5"

[[projects]]
  digest = "1:e8078e5f9d84e87745efb3c0961e78045500cda10d7102fdf839fbac4b49a423"
  name = "github.com/Unknwon/goconfig"
  packages = ["."]
  pruneopts = "UT"
  revision = "5f601ca6ef4d5cea8d52be2f8b3a420ee4b574a5"

[[projects]]
  branch = "master"
  digest = "1:47ea4fbe2ab4aeb9808502c51e657041c2e49b36b83fc1c1a349135cdf16342f"
  name = "github.com/agl/ed25519"
  packages = [
    ".",
    "edwards25519",
  ]
  pruneopts = "UT"
  revision = "5312a61534124124185d41f09206b9fef1d88403"

[[projects]]
  digest = "1:d2dbd0b0ec5373e89b27d0dd9f59793aa47020a05805b4b75c63aa1b2406781b"
  name = "github.com/astaxie/beego"
  packages = [
    ".",
    "cache",
    "cache/redis",
    "config",
    "context",
    "context/param",
    "grace",
    "logs",
    "orm",
    "session",
    "session/redis",
    "toolbox",
    "utils",
    "validation",
  ]
  pruneopts = "UT"
  revision = "d96289a81bf67728cff7a19b067aaecc65a62ec6"
  version = "v1.9.0"

[[projects]]
  digest = "1:4522bd966f53adb3da34201b39df1153534e441c8067d5e674964f05ecca3a71"
  name = "github.com/beego/i18n"
  packages = ["."]
  pruneopts = "UT"
  revision = "e87155e8f0c05bf323d0b13470e1b97af0cb5652"

[[projects]]
  digest = "1:2aaf2cc045d0219bba79655e4df795b973168c310574669cb75786684f7287d3"
  name = "github.com/bmatcuk/doublestar"
  packages = ["."]
  pruneopts = "UT"
  revision = "85a78806aa1b4707d1dbace9be592cf1ece91ab3"
  version = "v1.1.1"

[[projects]]
  digest = "1:76ca0dfcbf951d1868c7449453981dba9e1f79034706d1500a5a785000f5f222"
  name = "github.com/casbin/casbin"
  packages = [
    ".",
    "config",
    "effect",
    "log",
    "model",
    "persist",
    "persist/file-adapter",
    "rbac",
    "rbac/default-role-manager",
    "util",
  ]
  pruneopts = "UT"
  revision = "542e16cac74562eefac970a7d0d1467640d1f1cb"
  version = "v1.7.0"

[[projects]]
  digest = "1:f6e5e1bc64c2908167e6aa9a1fe0c084d515132a1c63ad5b6c84036aa06dc0c1"
  name = "github.com/coreos/go-oidc"
  packages = ["."]
  pruneopts = "UT"
  revision = "1180514eaf4d9f38d0d19eef639a1d695e066e72"
  version = "v2.0.0"

[[projects]]
  digest = "1:a2c1d0e43bd3baaa071d1b9ed72c27d78169b2b269f71c105ac4ba34b1be4a39"
  name = "github.com/davecgh/go-spew"
  packages = ["spew"]
  pruneopts = "UT"
  revision = "346938d642f2ec3594ed81d874461961cd0faa76"
  version = "v1.1.0"

[[projects]]
  digest = "1:ace1aef6acdf2c4647365dc87c14fb8b71ed8bb0b3ae114ffb216614a24da219"
  name = "github.com/dghubble/sling"
  packages = ["."]
  pruneopts = "UT"
  revision = "eb56e89ac5088bebb12eef3cb4b293300f43608b"
  version = "v1.1.0"

[[projects]]
  digest = "1:d912bf9afc98bbb6539ea99c9ac3e83119853310dd1a3aec1583d76f340ece27"
  name = "github.com/dgrijalva/jwt-go"
  packages = ["."]
  pruneopts = "UT"
  revision = "d2709f9f1f31ebcda9651b03077758c1f3a0018c"
  version = "v3.0.0"

[[projects]]
  digest = "1:5a39bab16f84dd753a3af60076a915b55584cc6df3b3dfba53bfd48bf4420e77"
  name = "github.com/docker/distribution"
  packages = [
    ".",
    "context",
    "digest",
    "health",
    "manifest",
    "manifest/schema1",
    "manifest/schema2",
    "reference",
    "registry/api/errcode",
    "registry/auth",
    "registry/auth/token",
    "registry/client/auth/challenge",
    "uuid",
  ]
  pruneopts = "UT"
  revision = "48294d928ced5dd9b378f7fd7c6f5da3ff3f2c89"
  version = "v2.6.2"

[[projects]]
  branch = "master"
  digest = "1:72ba344e60095ac4fe0eac56f56fe95644421670b808238a1c849ea92721037e"
  name = "github.com/docker/go"
  packages = ["canonical/json"]
  pruneopts = "UT"
  revision = "d30aec9fd63c35133f8f79c3412ad91a3b08be06"

[[projects]]
  branch = "master"
  digest = "1:4841e14252a2cecf11840bd05230412ad469709bbacfc12467e2ce5ad07f339b"
  name = "github.com/docker/libtrust"
  packages = ["."]
  pruneopts = "UT"
  revision = "aabc10ec26b754e797f9028f4589c5b7bd90dc20"

[[projects]]
  digest = "1:fea1a444386b05e00dfcf2cb9a95fb09e11f1689056161471229baa4a7a65459"
  name = "github.com/docker/notary"
  packages = [
    ".",
    "client",
    "client/changelist",
    "cryptoservice",
    "storage",
    "trustmanager",
    "trustmanager/yubikey",
    "trustpinning",
    "tuf",
    "tuf/data",
    "tuf/signed",
    "tuf/utils",
    "tuf/validation",
  ]
  pruneopts = "UT"
  revision = "c04e3e6d05881045def11167c51d4a8baa34899a"

[[projects]]
  digest = "1:0594af97b2f4cec6554086eeace6597e20a4b69466eb4ada25adf9f4300dddd2"
  name = "github.com/garyburd/redigo"
  packages = [
    "internal",
    "redis",
  ]
  pruneopts = "UT"
  revision = "a69d19351219b6dd56f274f96d85a7014a2ec34e"
  version = "v1.6.0"

[[projects]]
  digest = "1:2cd7915ab26ede7d95b8749e6b1f933f1c6d5398030684e6505940a10f31cfda"
  name = "github.com/ghodss/yaml"
  packages = ["."]
  pruneopts = "UT"
  revision = "0ca9ea5df5451ffdf184b4428c902747c2c11cd7"
  version = "v1.0.0"

[[projects]]
  digest = "1:850c49ca338a10fec2cb9e78f793043ed23965489d09e30bcc19fe29719da313"
  name = "github.com/go-sql-driver/mysql"
  packages = ["."]
  pruneopts = "UT"
  revision = "a0583e0143b1624142adab07e0e97fe106d99561"
  version = "v1.3"

[[projects]]
  digest = "1:9ae31ce33b4bab257668963e844d98765b44160be4ee98cafc44637a213e530d"
  name = "github.com/gobwas/glob"
  packages = [
    ".",
    "compiler",
    "match",
    "syntax",
    "syntax/ast",
    "syntax/lexer",
    "util/runes",
    "util/strings",
  ]
  pruneopts = "UT"
  revision = "5ccd90ef52e1e632236f7326478d4faa74f99438"
  version = "v0.2.3"

[[projects]]
  digest = "1:615643b442214e7a9bade98fa7d50ec072fd17bdc5c955daa194b32e73a532a8"
  name = "github.com/gocraft/work"
  packages = ["."]
  pruneopts = "UT"
  revision = "1d4117a214abff263b472043871c8666aedb716b"
  version = "v0.5.1"

[[projects]]
  digest = "1:4d02824a56d268f74a6b6fdd944b20b58a77c3d70e81008b3ee0c4f1a6777340"
  name = "github.com/gogo/protobuf"
  packages = [
    "proto",
    "sortkeys",
  ]
  pruneopts = "UT"
  revision = "ba06b47c162d49f2af050fb4c75bcbc86a159d5c"
  version = "v1.2.1"

[[projects]]
  digest = "1:39d9284259004077d3b89109d592fce5f311788745ce94a7ccd4545e536ad3ac"
  name = "github.com/golang-migrate/migrate"
  packages = [
    ".",
    "database",
    "database/postgres",
    "source",
    "source/file",
  ]
  pruneopts = "UT"
  revision = "bcd996f3df28363f43e2d0935484c4559537a3eb"
  version = "v3.3.0"

[[projects]]
  branch = "master"
  digest = "1:1ba1d79f2810270045c328ae5d674321db34e3aae468eb4233883b473c5c0467"
  name = "github.com/golang/glog"
  packages = ["."]
  pruneopts = "UT"
  revision = "23def4e6c14b4da8ac2ed8007337bc5eb5007998"

[[projects]]
  digest = "1:41e5cefde26c58f1560df2d1c32c2fa85e332d7cb4460d2077ae8fd8e0f3d789"
  name = "github.com/golang/protobuf"
  packages = [
    "proto",
    "ptypes/any",
    "ptypes/timestamp",
  ]
  pruneopts = "UT"
  revision = "130e6b02ab059e7b717a096f397c5b60111cae74"

[[projects]]
  digest = "1:38ec74012390146c45af1f92d46e5382b50531247929ff3a685d2b2be65155ac"
  name = "github.com/gomodule/redigo"
  packages = [
    "internal",
    "redis",
  ]
  pruneopts = "UT"
  revision = "9c11da706d9b7902c6da69c592f75637793fe121"
  version = "v2.0.0"

[[projects]]
  branch = "master"
  digest = "1:a63cff6b5d8b95638bfe300385d93b2a6d9d687734b863da8e09dc834510a690"
  name = "github.com/google/go-querystring"
  packages = ["query"]
  pruneopts = "UT"
  revision = "53e6ce116135b80d037921a7fdd5138cf32d7a8a"

[[projects]]
  branch = "master"
  digest = "1:3ee90c0d94da31b442dde97c99635aaafec68d0b8a3c12ee2075c6bdabeec6bb"
  name = "github.com/google/gofuzz"
  packages = ["."]
  pruneopts = "UT"
  revision = "24818f796faf91cd76ec7bddd72458fbced7a6c1"

[[projects]]
  digest = "1:160eabf7a69910fd74f29c692718bc2437c1c1c7d4c9dea9712357752a70e5df"
  name = "github.com/gorilla/context"
  packages = ["."]
  pruneopts = "UT"
  revision = "1ea25387ff6f684839d82767c1733ff4d4d15d0a"
  version = "v1.1"

[[projects]]
  digest = "1:185a43b59a1f4e7ad4e7ccafb8a1538193d897a2a75be16dda093ec42ad231cf"
  name = "github.com/gorilla/handlers"
  packages = ["."]
  pruneopts = "UT"
  revision = "90663712d74cb411cbef281bc1e08c19d1a76145"
  version = "v1.3.0"

[[projects]]
  digest = "1:3c44722a6360b8d8abf6f70f122c69007189be992a150e39571224c54a9bc380"
  name = "github.com/gorilla/mux"
  packages = ["."]
  pruneopts = "UT"
  revision = "7f08801859139f86dfafd1c296e2cba9a80d292e"
  version = "v1.6.0"

[[projects]]
  digest = "1:f5a2051c55d05548d2d4fd23d244027b59fbd943217df8aa3b5e170ac2fd6e1b"
  name = "github.com/json-iterator/go"
  packages = ["."]
  pruneopts = "UT"
  revision = "0ff49de124c6f76f8494e194af75bde0f1a49a29"
  version = "v1.1.6"

[[projects]]
  branch = "master"
  digest = "1:bd26bbaf1e9f9dfe829a88f87a0849b56f717c31785443a67668f2c752fa8412"
  name = "github.com/lib/pq"
  packages = [
    ".",
    "oid",
  ]
  pruneopts = "UT"
  revision = "b2004221932bd6b13167ef654c81cffac36f7537"

[[projects]]
  digest = "1:ee0845ea64262e3d1a6e2eab768fcb2008a0c8e571b7a3bebea554a1c031aeeb"
  name = "github.com/mattn/go-sqlite3"
  packages = ["."]
  pruneopts = "UT"
  revision = "6c771bb9887719704b210e87e934f08be014bdb1"
  version = "v1.6.0"

[[projects]]
  digest = "1:5113b1edf6e2f370f9ce6101e7b5a86c3e8decd108067e34b762ae91e42964ee"
  name = "github.com/miekg/pkcs11"
  packages = ["."]
  pruneopts = "UT"
  revision = "7283ca79f35edb89bc1b4ecae7f86a3680ce737f"

[[projects]]
  digest = "1:33422d238f147d247752996a26574ac48dcf472976eda7f5134015f06bf16563"
  name = "github.com/modern-go/concurrent"
  packages = ["."]
  pruneopts = "UT"
  revision = "bacd9c7ef1dd9b15be4a9909b8ac7a4e313eec94"
  version = "1.0.3"

[[projects]]
  digest = "1:e32bdbdb7c377a07a9a46378290059822efdce5c8d96fe71940d87cb4f918855"
  name = "github.com/modern-go/reflect2"
  packages = ["."]
  pruneopts = "UT"
  revision = "4b7aa43c6742a2c18fdef89dd197aaae7dac7ccd"
  version = "1.0.1"

[[projects]]
  digest = "1:159d8a990f45d4891f1f04cb6ad7eb18b307cd02d783f7d37fa7a3b93912b172"
  name = "github.com/opencontainers/go-digest"
  packages = ["."]
  pruneopts = "UT"
  revision = "aa2ec055abd10d26d539eb630a92241b781ce4bc"
  version = "v1.0.0-rc0"

[[projects]]
  digest = "1:40e195917a951a8bf867cd05de2a46aaf1806c50cf92eebf4c16f78cd196f747"
  name = "github.com/pkg/errors"
  packages = ["."]
  pruneopts = "UT"
  revision = "645ef00459ed84a119197bfb8d8205042c6df63d"
  version = "v0.8.0"

[[projects]]
  digest = "1:0028cb19b2e4c3112225cd871870f2d9cf49b9b4276531f03438a88e94be86fe"
  name = "github.com/pmezard/go-difflib"
  packages = ["difflib"]
  pruneopts = "UT"
  revision = "792786c7400a136282c1664665ae0a8db921c6c2"
  version = "v1.0.0"

[[projects]]
  branch = "master"
  digest = "1:bd9efe4e0b0f768302a1e2f0c22458149278de533e521206e5ddc71848c269a0"
  name = "github.com/pquerna/cachecontrol"
  packages = [
    ".",
    "cacheobject",
  ]
  pruneopts = "UT"
  revision = "1555304b9b35fdd2b425bccf1a5613677705e7d0"

[[projects]]
  digest = "1:3f68283c56d93b885f33c679708079e834815138649e9f59ffbc572c2993e0f8"
  name = "github.com/robfig/cron"
  packages = ["."]
  pruneopts = "UT"
  revision = "b024fc5ea0e34bc3f83d9941c8d60b0622bfaca4"
  version = "v1"

[[projects]]
  digest = "1:9424f440bba8f7508b69414634aef3b2b3a877e522d8a4624692412805407bb7"
  name = "github.com/spf13/pflag"
  packages = ["."]
  pruneopts = "UT"
  revision = "583c0c0531f06d5278b7d917446061adc344b5cd"
  version = "v1.0.1"

[[projects]]
  digest = "1:994df93785d966f82180e17a0857fa53f7155cddca3898ad00b27e8d4481e4ae"
  name = "github.com/stretchr/testify"
  packages = [
    "assert",
    "require",
    "suite",
  ]
  pruneopts = "UT"
  revision = "b91bfb9ebec76498946beb6af7c0230c7cc7ba6c"
  version = "v1.2.0"

[[projects]]
  digest = "1:ab3259b9f5008a18ff8c1cc34623eccce354f3a9faf5b409983cd6717d64b40b"
  name = "golang.org/x/crypto"
  packages = [
    "cast5",
    "ed25519",
    "ed25519/internal/edwards25519",
    "openpgp",
    "openpgp/armor",
    "openpgp/clearsign",
    "openpgp/elgamal",
    "openpgp/errors",
    "openpgp/packet",
    "openpgp/s2k",
    "pbkdf2",
    "ssh/terminal",
  ]
  pruneopts = "UT"
  revision = "5f961cd492ac9d43fc33a8ef646bae79d113fd97"

[[projects]]
  digest = "1:2a465dcd21dc1094bd90bc28adc168d5c12d4d754b49d67b34362d26bd5c21b2"
  name = "golang.org/x/net"
  packages = [
    "context",
    "context/ctxhttp",
    "http2",
    "http2/hpack",
    "lex/httplex",
  ]
  pruneopts = "UT"
  revision = "075e191f18186a8ff2becaf64478e30f4545cdad"

[[projects]]
  digest = "1:3d57c230f6800023b6fec274f38a139337b5fc0d00169a100a538eb3ef5e3da8"
  name = "golang.org/x/oauth2"
  packages = [
    ".",
    "clientcredentials",
    "internal",
  ]
  pruneopts = "UT"
  revision = "bb50c06baba3d0c76f9d125c0719093e315b5b44"

[[projects]]
  branch = "master"
  digest = "1:f21f21efdd315b95a015ffd7ddca70ca60ff021848618b5a4efd88bb1603335f"
  name = "golang.org/x/sys"
  packages = ["unix"]
  pruneopts = "UT"
  revision = "571f7bbbe08da2a8955aed9d4db316e78630e9a3"

[[projects]]
  branch = "master"
  digest = "1:9fdc2b55e8e0fafe4b41884091e51e77344f7dc511c5acedcfd98200003bff90"
  name = "golang.org/x/time"
  packages = ["rate"]
  pruneopts = "UT"
  revision = "9d24e82272b4f38b78bc8cff74fa936d31ccd8ef"

[[projects]]
  digest = "1:52133d6859535332391e6193c8878d06347f28881111efa900392802485e9a18"
  name = "google.golang.org/appengine"
  packages = [
    "internal",
    "internal/base",
    "internal/datastore",
    "internal/log",
    "internal/remote_api",
    "internal/urlfetch",
    "urlfetch",
  ]
  pruneopts = "UT"
  revision = "24e4144ec923c2374f6b06610c0df16a9222c3d9"

[[projects]]
  digest = "1:79decf236a2000df456fe7478fd23da8af950563c922747b299e1fab7fa7d78f"
  name = "gopkg.in/asn1-ber.v1"
  packages = ["."]
  pruneopts = "UT"
  revision = "4e86f4367175e39f69d9358a5f17b4dda270378d"
  version = "v1.1"

[[projects]]
  digest = "1:2d1fbdc6777e5408cabeb02bf336305e724b925ff4546ded0fa8715a7267922a"
  name = "gopkg.in/inf.v0"
  packages = ["."]
  pruneopts = "UT"
  revision = "d2d2541c53f18d2a059457998ce2876cc8e67cbf"
  version = "v0.9.1"

[[projects]]
  digest = "1:79691acfc86fc3204928daf67e44955e8021ec5e10091599d344b0e16de32236"
  name = "gopkg.in/ldap.v2"
  packages = ["."]
  pruneopts = "UT"
  revision = "8168ee085ee43257585e50c6441aadf54ecb2c9f"
  version = "v2.5.0"

[[projects]]
  digest = "1:c0c30f47f9c16f227ba82f0bdfd14fa968453c30b7677a07903b3b4f34b98d49"
  name = "gopkg.in/square/go-jose.v2"
  packages = [
    ".",
    "cipher",
    "json",
  ]
  pruneopts = "UT"
  revision = "628223f44a71f715d2881ea69afc795a1e9c01be"
  version = "v2.3.0"

[[projects]]
  digest = "1:2a81c6e126d36ad027328cffaa4888fc3be40f09dc48028d1f93705b718130b9"
  name = "gopkg.in/yaml.v2"
  packages = ["."]
  pruneopts = "UT"
  revision = "7f97868eec74b32b0982dd158a51a446d1da7eb5"
  version = "v2.1.1"

[[projects]]
  digest = "1:7727a365529cdf6af394821dd990b046c56b8afac31e15e78fed58cf7bc179ad"
  name = "k8s.io/api"
  packages = [
    "admissionregistration/v1alpha1",
    "admissionregistration/v1beta1",
    "apps/v1",
    "apps/v1beta1",
    "apps/v1beta2",
    "authentication/v1",
    "authentication/v1beta1",
    "authorization/v1",
    "authorization/v1beta1",
    "autoscaling/v1",
    "autoscaling/v2beta1",
    "batch/v1",
    "batch/v1beta1",
    "batch/v2alpha1",
    "certificates/v1beta1",
    "core/v1",
    "events/v1beta1",
    "extensions/v1beta1",
    "networking/v1",
    "policy/v1beta1",
    "rbac/v1",
    "rbac/v1alpha1",
    "rbac/v1beta1",
    "scheduling/v1alpha1",
    "scheduling/v1beta1",
    "settings/v1alpha1",
    "storage/v1",
    "storage/v1alpha1",
    "storage/v1beta1",
  ]
  pruneopts = "UT"
  revision = "5cb15d34447165a97c76ed5a60e4e99c8a01ecfe"
  version = "kubernetes-1.13.4"

[[projects]]
  branch = "master"
  digest = "1:d0d43cf61b49d2750351759e1d220134ab7731db608b6716dc4ed792a493027d"
  name = "k8s.io/apimachinery"
  packages = [
    "pkg/api/errors",
    "pkg/api/resource",
    "pkg/apis/meta/v1",
    "pkg/apis/meta/v1/unstructured",
    "pkg/conversion",
    "pkg/conversion/queryparams",
    "pkg/fields",
    "pkg/labels",
    "pkg/runtime",
    "pkg/runtime/schema",
    "pkg/runtime/serializer",
    "pkg/runtime/serializer/json",
    "pkg/runtime/serializer/protobuf",
    "pkg/runtime/serializer/recognizer",
    "pkg/runtime/serializer/streaming",
    "pkg/runtime/serializer/versioning",
    "pkg/selection",
    "pkg/types",
    "pkg/util/clock",
    "pkg/util/errors",
    "pkg/util/framer",
    "pkg/util/intstr",
    "pkg/util/json",
    "pkg/util/net",
    "pkg/util/runtime",
    "pkg/util/sets",
    "pkg/util/validation",
    "pkg/util/validation/field",
    "pkg/util/wait",
    "pkg/util/yaml",
    "pkg/version",
    "pkg/watch",
    "third_party/forked/golang/reflect",
  ]
  pruneopts = "UT"
  revision = "f534d624797b270e5e46104dc7e2c2d61edbb85d"

[[projects]]
  digest = "1:131682c26796b64f0abb77ac3d85525712706fde0b085aaa7b6d10b4398167cc"
  name = "k8s.io/client-go"
  packages = [
    "kubernetes/scheme",
    "pkg/apis/clientauthentication",
    "pkg/apis/clientauthentication/v1alpha1",
    "pkg/apis/clientauthentication/v1beta1",
    "pkg/version",
    "plugin/pkg/client/auth/exec",
    "rest",
    "rest/watch",
    "tools/clientcmd/api",
    "tools/metrics",
    "transport",
    "util/cert",
    "util/connrotation",
    "util/flowcontrol",
    "util/homedir",
    "util/integer",
  ]
  pruneopts = "UT"
  revision = "7d04d0e2a0a1a4d4a1cd6baa432a2301492e4e65"
  version = "v8.0.0"

[[projects]]
  digest = "1:1076dbb6a69b965ccfda2a06a04e5038db78eff586f74b5daf4a41444e6f6077"
  name = "k8s.io/helm"
  packages = [
    "cmd/helm/search",
    "pkg/chartutil",
    "pkg/getter",
    "pkg/helm/environment",
    "pkg/helm/helmpath",
    "pkg/ignore",
    "pkg/plugin",
    "pkg/proto/hapi/chart",
    "pkg/proto/hapi/version",
    "pkg/provenance",
    "pkg/repo",
    "pkg/sympath",
    "pkg/tlsutil",
    "pkg/urlutil",
    "pkg/version",
  ]
  pruneopts = "UT"
  revision = "20adb27c7c5868466912eebdf6664e7390ebe710"
  version = "v2.9.1"

[solve-meta]
  analyzer-name = "dep"
  analyzer-version = 1
  input-imports = [
    "github.com/Masterminds/semver",
    "github.com/astaxie/beego",
    "github.com/astaxie/beego/cache",
    "github.com/astaxie/beego/cache/redis",
    "github.com/astaxie/beego/context",
    "github.com/astaxie/beego/orm",
    "github.com/astaxie/beego/session",
    "github.com/astaxie/beego/session/redis",
    "github.com/astaxie/beego/validation",
    "github.com/beego/i18n",
    "github.com/bmatcuk/doublestar",
    "github.com/casbin/casbin",
    "github.com/casbin/casbin/model",
    "github.com/casbin/casbin/persist",
    "github.com/casbin/casbin/util",
    "github.com/coreos/go-oidc",
    "github.com/dghubble/sling",
    "github.com/dgrijalva/jwt-go",
    "github.com/docker/distribution",
    "github.com/docker/distribution/digest",
    "github.com/docker/distribution/health",
    "github.com/docker/distribution/manifest/schema1",
    "github.com/docker/distribution/manifest/schema2",
    "github.com/docker/distribution/reference",
    "github.com/docker/distribution/registry/auth/token",
    "github.com/docker/distribution/registry/client/auth/challenge",
    "github.com/docker/libtrust",
    "github.com/docker/notary",
    "github.com/docker/notary/client",
    "github.com/docker/notary/trustpinning",
    "github.com/docker/notary/tuf/data",
    "github.com/garyburd/redigo/redis",
    "github.com/ghodss/yaml",
    "github.com/go-sql-driver/mysql",
    "github.com/gocraft/work",
    "github.com/golang-migrate/migrate",
    "github.com/golang-migrate/migrate/database/postgres",
    "github.com/golang-migrate/migrate/source/file",
    "github.com/gomodule/redigo/redis",
    "github.com/gorilla/handlers",
    "github.com/gorilla/mux",
    "github.com/lib/pq",
    "github.com/mattn/go-sqlite3",
    "github.com/opencontainers/go-digest",
    "github.com/pkg/errors",
    "github.com/robfig/cron",
    "github.com/stretchr/testify/assert",
    "github.com/stretchr/testify/require",
    "github.com/stretchr/testify/suite",
    "golang.org/x/crypto/pbkdf2",
    "golang.org/x/oauth2",
    "golang.org/x/oauth2/clientcredentials",
    "gopkg.in/ldap.v2",
    "gopkg.in/yaml.v2",
    "k8s.io/api/authentication/v1beta1",
    "k8s.io/apimachinery/pkg/apis/meta/v1",
    "k8s.io/apimachinery/pkg/runtime/schema",
    "k8s.io/apimachinery/pkg/runtime/serializer",
    "k8s.io/client-go/kubernetes/scheme",
    "k8s.io/client-go/rest",
    "k8s.io/helm/cmd/helm/search",
    "k8s.io/helm/pkg/chartutil",
    "k8s.io/helm/pkg/proto/hapi/chart",
    "k8s.io/helm/pkg/repo",
  ]
  solver-name = "gps-cdcl"
  solver-version = 1
