# This file is autogenerated, do not edit; changes may be undone by the next 'dep ensure'.


[[projects]]
  name = "github.com/BurntSushi/toml"
  packages = ["."]
  revision = "b26d9c308763d68093482582cea63d69be07a0f0"
  version = "v0.3.0"

[[projects]]
  name = "github.com/Knetic/govaluate"
  packages = ["."]
  revision = "d216395917cc49052c7c7094cf57f09657ca08a8"
  version = "v3.0.0"

[[projects]]
  name = "github.com/Masterminds/semver"
  packages = ["."]
  revision = "c7af12943936e8c39859482e61f0574c2fd7fc75"
  version = "v1.4.2"

[[projects]]
  name = "github.com/Sirupsen/logrus"
  packages = ["."]
  revision = "c155da19408a8799da419ed3eeb0cb5db0ad5dbc"
  version = "v1.0.5"

[[projects]]
  name = "github.com/Unknwon/goconfig"
  packages = ["."]
  revision = "5f601ca6ef4d5cea8d52be2f8b3a420ee4b574a5"

[[projects]]
  branch = "master"
  name = "github.com/agl/ed25519"
  packages = [
    ".",
    "edwards25519"
  ]
  revision = "5312a61534124124185d41f09206b9fef1d88403"

[[projects]]
  name = "github.com/astaxie/beego"
  packages = [
    ".",
    "cache",
    "cache/redis",
    "config",
    "context",
    "context/param",
    "grace",
    "logs",
    "orm",
    "session",
    "session/redis",
    "toolbox",
    "utils",
    "validation"
  ]
  revision = "d96289a81bf67728cff7a19b067aaecc65a62ec6"
  version = "v1.9.0"

[[projects]]
  name = "github.com/beego/i18n"
  packages = ["."]
  revision = "e87155e8f0c05bf323d0b13470e1b97af0cb5652"

[[projects]]
  name = "github.com/casbin/casbin"
  packages = [
    ".",
    "config",
    "effect",
    "log",
    "model",
    "persist",
    "persist/file-adapter",
    "rbac",
    "rbac/default-role-manager",
    "util"
  ]
  revision = "542e16cac74562eefac970a7d0d1467640d1f1cb"
  version = "v1.7.0"

[[projects]]
  name = "github.com/davecgh/go-spew"
  packages = ["spew"]
  revision = "346938d642f2ec3594ed81d874461961cd0faa76"
  version = "v1.1.0"

[[projects]]
  name = "github.com/dghubble/sling"
  packages = ["."]
  revision = "eb56e89ac5088bebb12eef3cb4b293300f43608b"
  version = "v1.1.0"

[[projects]]
  name = "github.com/dgrijalva/jwt-go"
  packages = ["."]
  revision = "d2709f9f1f31ebcda9651b03077758c1f3a0018c"
  version = "v3.0.0"

[[projects]]
  name = "github.com/docker/distribution"
  packages = [
    ".",
    "context",
    "digest",
    "manifest",
    "manifest/schema1",
    "manifest/schema2",
    "reference",
    "registry/auth",
    "registry/auth/token",
    "registry/client/auth/challenge",
    "uuid"
  ]
  revision = "48294d928ced5dd9b378f7fd7c6f5da3ff3f2c89"
  version = "v2.6.2"

[[projects]]
  branch = "master"
  name = "github.com/docker/go"
  packages = ["canonical/json"]
  revision = "d30aec9fd63c35133f8f79c3412ad91a3b08be06"

[[projects]]
  branch = "master"
  name = "github.com/docker/libtrust"
  packages = ["."]
  revision = "aabc10ec26b754e797f9028f4589c5b7bd90dc20"

[[projects]]
  name = "github.com/docker/notary"
  packages = [
    ".",
    "client",
    "client/changelist",
    "cryptoservice",
    "storage",
    "trustmanager",
    "trustmanager/yubikey",
    "trustpinning",
    "tuf",
    "tuf/data",
    "tuf/signed",
    "tuf/utils",
    "tuf/validation"
  ]
  revision = "c04e3e6d05881045def11167c51d4a8baa34899a"

[[projects]]
  name = "github.com/garyburd/redigo"
  packages = [
    "internal",
    "redis"
  ]
  revision = "a69d19351219b6dd56f274f96d85a7014a2ec34e"
  version = "v1.6.0"

[[projects]]
  name = "github.com/ghodss/yaml"
  packages = ["."]
  revision = "0ca9ea5df5451ffdf184b4428c902747c2c11cd7"
  version = "v1.0.0"

[[projects]]
  name = "github.com/go-sql-driver/mysql"
  packages = ["."]
  revision = "a0583e0143b1624142adab07e0e97fe106d99561"
  version = "v1.3"

[[projects]]
  name = "github.com/gobwas/glob"
  packages = [
    ".",
    "compiler",
    "match",
    "syntax",
    "syntax/ast",
    "syntax/lexer",
    "util/runes",
    "util/strings"
  ]
  revision = "5ccd90ef52e1e632236f7326478d4faa74f99438"
  version = "v0.2.3"

[[projects]]
  name = "github.com/gocraft/work"
  packages = ["."]
  revision = "1d4117a214abff263b472043871c8666aedb716b"
  version = "v0.5.1"

[[projects]]
  name = "github.com/golang-migrate/migrate"
  packages = [
    ".",
    "database",
    "database/postgres",
    "source",
    "source/file"
  ]
  revision = "bcd996f3df28363f43e2d0935484c4559537a3eb"
  version = "v3.3.0"

[[projects]]
  name = "github.com/golang/protobuf"
  packages = [
    "proto",
    "ptypes/any",
    "ptypes/timestamp"
  ]
  revision = "130e6b02ab059e7b717a096f397c5b60111cae74"

[[projects]]
  name = "github.com/gomodule/redigo"
  packages = [
    "internal",
    "redis"
  ]
  revision = "9c11da706d9b7902c6da69c592f75637793fe121"
  version = "v2.0.0"

[[projects]]
  branch = "master"
  name = "github.com/google/go-querystring"
  packages = ["query"]
  revision = "53e6ce116135b80d037921a7fdd5138cf32d7a8a"

[[projects]]
  name = "github.com/gorilla/context"
  packages = ["."]
  revision = "1ea25387ff6f684839d82767c1733ff4d4d15d0a"
  version = "v1.1"

[[projects]]
  name = "github.com/gorilla/handlers"
  packages = ["."]
  revision = "90663712d74cb411cbef281bc1e08c19d1a76145"
  version = "v1.3.0"

[[projects]]
  name = "github.com/gorilla/mux"
  packages = ["."]
  revision = "7f08801859139f86dfafd1c296e2cba9a80d292e"
  version = "v1.6.0"

[[projects]]
  branch = "master"
  name = "github.com/lib/pq"
  packages = [
    ".",
    "oid"
  ]
  revision = "b2004221932bd6b13167ef654c81cffac36f7537"

[[projects]]
  name = "github.com/mattn/go-sqlite3"
  packages = ["."]
  revision = "6c771bb9887719704b210e87e934f08be014bdb1"
  version = "v1.6.0"

[[projects]]
  name = "github.com/miekg/pkcs11"
  packages = ["."]
  revision = "7283ca79f35edb89bc1b4ecae7f86a3680ce737f"

[[projects]]
  name = "github.com/opencontainers/go-digest"
  packages = ["."]
  revision = "aa2ec055abd10d26d539eb630a92241b781ce4bc"
  version = "v1.0.0-rc0"

[[projects]]
  name = "github.com/pkg/errors"
  packages = ["."]
  revision = "645ef00459ed84a119197bfb8d8205042c6df63d"
  version = "v0.8.0"

[[projects]]
  name = "github.com/pmezard/go-difflib"
  packages = ["difflib"]
  revision = "792786c7400a136282c1664665ae0a8db921c6c2"
  version = "v1.0.0"

[[projects]]
  name = "github.com/robfig/cron"
  packages = ["."]
  revision = "b024fc5ea0e34bc3f83d9941c8d60b0622bfaca4"
  version = "v1"

[[projects]]
  name = "github.com/spf13/pflag"
  packages = ["."]
  revision = "583c0c0531f06d5278b7d917446061adc344b5cd"
  version = "v1.0.1"

[[projects]]
  name = "github.com/stretchr/testify"
  packages = [
    "assert",
    "require"
  ]
  revision = "b91bfb9ebec76498946beb6af7c0230c7cc7ba6c"
  version = "v1.2.0"

[[projects]]
  name = "golang.org/x/crypto"
  packages = [
    "cast5",
    "openpgp",
    "openpgp/armor",
    "openpgp/clearsign",
    "openpgp/elgamal",
    "openpgp/errors",
    "openpgp/packet",
    "openpgp/s2k",
    "pbkdf2",
    "ssh/terminal"
  ]
  revision = "5f961cd492ac9d43fc33a8ef646bae79d113fd97"

[[projects]]
  name = "golang.org/x/net"
  packages = [
    "context",
    "context/ctxhttp"
  ]
  revision = "075e191f18186a8ff2becaf64478e30f4545cdad"

[[projects]]
  name = "golang.org/x/oauth2"
  packages = [
    ".",
    "clientcredentials",
    "internal"
  ]
  revision = "bb50c06baba3d0c76f9d125c0719093e315b5b44"

[[projects]]
  branch = "master"
  name = "golang.org/x/sys"
  packages = ["unix"]
  revision = "571f7bbbe08da2a8955aed9d4db316e78630e9a3"

[[projects]]
  name = "google.golang.org/appengine"
  packages = [
    "internal",
    "internal/base",
    "internal/datastore",
    "internal/log",
    "internal/remote_api",
    "internal/urlfetch",
    "urlfetch"
  ]
  revision = "24e4144ec923c2374f6b06610c0df16a9222c3d9"

[[projects]]
  name = "gopkg.in/asn1-ber.v1"
  packages = ["."]
  revision = "4e86f4367175e39f69d9358a5f17b4dda270378d"
  version = "v1.1"

[[projects]]
  name = "gopkg.in/ldap.v2"
  packages = ["."]
  revision = "8168ee085ee43257585e50c6441aadf54ecb2c9f"
  version = "v2.5.0"

[[projects]]
  name = "gopkg.in/yaml.v2"
  packages = ["."]
  revision = "7f97868eec74b32b0982dd158a51a446d1da7eb5"
  version = "v2.1.1"

[[projects]]
  branch = "master"
  name = "k8s.io/apimachinery"
  packages = ["pkg/version"]
  revision = "f534d624797b270e5e46104dc7e2c2d61edbb85d"

[[projects]]
  name = "k8s.io/client-go"
  packages = ["util/homedir"]
  revision = "7d04d0e2a0a1a4d4a1cd6baa432a2301492e4e65"
  version = "v8.0.0"

[[projects]]
  name = "k8s.io/helm"
  packages = [
    "cmd/helm/search",
    "pkg/chartutil",
    "pkg/getter",
    "pkg/helm/environment",
    "pkg/helm/helmpath",
    "pkg/ignore",
    "pkg/plugin",
    "pkg/proto/hapi/chart",
    "pkg/proto/hapi/version",
    "pkg/provenance",
    "pkg/repo",
    "pkg/sympath",
    "pkg/tlsutil",
    "pkg/urlutil",
    "pkg/version"
  ]
  revision = "20adb27c7c5868466912eebdf6664e7390ebe710"
  version = "v2.9.1"

[solve-meta]
  analyzer-name = "dep"
  analyzer-version = 1
  inputs-digest = "862941e7de65d953c0133ea4b290a079990f38c7cd6e2f1139ac78706d0912b3"
  solver-name = "gps-cdcl"
  solver-version = 1
